{
  "name": "wordtojson",
  "version": "1.0.0",
  "lockfileVersion": 1,
  "requires": true,
  "dependencies": {
    "adm-zip": {
      "version": "0.4.13",
      "resolved": "https://registry.npmjs.org/adm-zip/-/adm-zip-0.4.13.tgz",
      "integrity": "sha512-fERNJX8sOXfel6qCBCMPvZLzENBEhZTzKqg6vrOW5pvoEaQuJhRU4ndTAh6lHOxn1I6jnz2NHra56ZODM751uw=="
    },
    "word-text-parser": {
      "version": "1.0.1",
      "resolved": "https://registry.npmjs.org/word-text-parser/-/word-text-parser-1.0.1.tgz",
      "integrity": "sha512-L+hxmIBMT3JytPxpOMnkh7gBCuSsMV+IwbrJCPJJzHehFZmhqTrpgA+Fs5VO3xuGu5rmrxX7aiSFMCgnQNwtuA==",
      "requires": {
        "adm-zip": "0.4.13"
      }
    }
  }
}
